
Microsoft Visual Studio Solution File, Format Version 12.00
Project("{FAE04EC0-301F-11D3-BF4B-00C04F79EFBC}") = "Task01", "Task01\Task01.csproj", "{2A92A9AF-A3F3-4AAA-A24D-A32EBCF36A60}"
EndProject
Project("{FAE04EC0-301F-11D3-BF4B-00C04F79EFBC}") = "Task02", "Task02\Task02.csproj", "{FEF1BBC3-6371-46A6-8742-24FCD25B2FFF}"
EndProject
Project("{FAE04EC0-301F-11D3-BF4B-00C04F79EFBC}") = "Task03", "Task03\Task03.csproj", "{A34ABF9F-99C8-4DA8-ADA5-DB4A674681AF}"
EndProject
Project("{FAE04EC0-301F-11D3-BF4B-00C04F79EFBC}") = "Task04", "Task04\Task04.csproj", "{54C792CF-4D27-427B-A51A-B177CEB81E71}"
EndProject
Global
	GlobalSection(SolutionConfigurationPlatforms) = preSolution
		Debug|Any CPU = Debug|Any CPU
		Release|Any CPU = Release|Any CPU
	EndGlobalSection
	GlobalSection(ProjectConfigurationPlatforms) = postSolution
		{2A92A9AF-A3F3-4AAA-A24D-A32EBCF36A60}.Debug|Any CPU.ActiveCfg = Debug|Any CPU
		{2A92A9AF-A3F3-4AAA-A24D-A32EBCF36A60}.Debug|Any CPU.Build.0 = Debug|Any CPU
		{2A92A9AF-A3F3-4AAA-A24D-A32EBCF36A60}.Release|Any CPU.ActiveCfg = Release|Any CPU
		{2A92A9AF-A3F3-4AAA-A24D-A32EBCF36A60}.Release|Any CPU.Build.0 = Release|Any CPU
		{FEF1BBC3-6371-46A6-8742-24FCD25B2FFF}.Debug|Any CPU.ActiveCfg = Debug|Any CPU
		{FEF1BBC3-6371-46A6-8742-24FCD25B2FFF}.Debug|Any CPU.Build.0 = Debug|Any CPU
		{FEF1BBC3-6371-46A6-8742-24FCD25B2FFF}.Release|Any CPU.ActiveCfg = Release|Any CPU
		{FEF1BBC3-6371-46A6-8742-24FCD25B2FFF}.Release|Any CPU.Build.0 = Release|Any CPU
		{A34ABF9F-99C8-4DA8-ADA5-DB4A674681AF}.Debug|Any CPU.ActiveCfg = Debug|Any CPU
		{A34ABF9F-99C8-4DA8-ADA5-DB4A674681AF}.Debug|Any CPU.Build.0 = Debug|Any CPU
		{A34ABF9F-99C8-4DA8-ADA5-DB4A674681AF}.Release|Any CPU.ActiveCfg = Release|Any CPU
		{A34ABF9F-99C8-4DA8-ADA5-DB4A674681AF}.Release|Any CPU.Build.0 = Release|Any CPU
		{54C792CF-4D27-427B-A51A-B177CEB81E71}.Debug|Any CPU.ActiveCfg = Debug|Any CPU
		{54C792CF-4D27-427B-A51A-B177CEB81E71}.Debug|Any CPU.Build.0 = Debug|Any CPU
		{54C792CF-4D27-427B-A51A-B177CEB81E71}.Release|Any CPU.ActiveCfg = Release|Any CPU
		{54C792CF-4D27-427B-A51A-B177CEB81E71}.Release|Any CPU.Build.0 = Release|Any CPU
	EndGlobalSection
EndGlobal
