
Microsoft Visual Studio Solution File, Format Version 12.00
Project("{FAE04EC0-301F-11D3-BF4B-00C04F79EFBC}") = "HW 3_01a Task 1", "HW 3_01a Task 1\HW 3_01a Task 1.csproj", "{A39BA952-2B87-4A10-9139-F1AFFE74ED2B}"
EndProject
Project("{FAE04EC0-301F-11D3-BF4B-00C04F79EFBC}") = "HW 3_01a Task 3", "HW 3_01a Task 3\HW 3_01a Task 3.csproj", "{162FDCC8-38BF-4EA9-9581-A9738727C238}"
EndProject
Project("{FAE04EC0-301F-11D3-BF4B-00C04F79EFBC}") = "HW3_01b Task 6", "HW3_01b Task 6\HW3_01b Task 6.csproj", "{C8A6340E-E50E-407A-9ED9-C792A81D46A3}"
EndProject
Project("{FAE04EC0-301F-11D3-BF4B-00C04F79EFBC}") = "CW 3_02a Task slide 23", "CW 3_02a Task slide 23\CW 3_02a Task slide 23.csproj", "{ED572276-C86E-488A-BEF9-6F21D43E0DDA}"
EndProject
Project("{FAE04EC0-301F-11D3-BF4B-00C04F79EFBC}") = "HW 3_02a Task slide 22", "HW 3_02a Task slide 22\HW 3_02a Task slide 22.csproj", "{A10A35A0-6C25-4020-B6AD-7C3D3AC0E07A}"
EndProject
Project("{FAE04EC0-301F-11D3-BF4B-00C04F79EFBC}") = "CW 21.01", "CW 21.01\CW 21.01.csproj", "{619AA4CC-87E2-4BBC-BA38-6F9964E13352}"
EndProject
Project("{FAE04EC0-301F-11D3-BF4B-00C04F79EFBC}") = "HW 3_02b Task 6", "HW 3_02b Task 6\HW 3_02b Task 6.csproj", "{4F55CCE5-CCB7-43C9-9CB7-330B1B5D9ADB}"
EndProject
Project("{FAE04EC0-301F-11D3-BF4B-00C04F79EFBC}") = "HW 27.01", "HW 27.01\HW 27.01.csproj", "{4CF00F35-B271-4F4F-A06E-6F145BE5F107}"
EndProject
Project("{FAE04EC0-301F-11D3-BF4B-00C04F79EFBC}") = "CW 3_03a Task 5", "CW 3_03a Task 5\CW 3_03a Task 5.csproj", "{C679E936-20E7-40BE-A8B7-2788FFA82444}"
EndProject
Project("{FAE04EC0-301F-11D3-BF4B-00C04F79EFBC}") = "HW 28.01", "HW 28.01\HW 28.01.csproj", "{9620382A-15A4-4B70-8DF7-981ADFF66037}"
EndProject
Project("{FAE04EC0-301F-11D3-BF4B-00C04F79EFBC}") = "HW 03.02", "HW 03.02\HW 03.02.csproj", "{DAC984AA-7961-4A08-B0F5-9BE3335BBF73}"
EndProject
Project("{FAE04EC0-301F-11D3-BF4B-00C04F79EFBC}") = "Task01_PizzaStuff", "Task01_PizzaStuff\Task01_PizzaStuff.csproj", "{BA94416B-E899-4678-A835-88C5EE0580AD}"
EndProject
Project("{FAE04EC0-301F-11D3-BF4B-00C04F79EFBC}") = "CW 10.02", "CW 10.02\CW 10.02.csproj", "{6F3AB11D-3F94-4306-86F1-7845B39A8111}"
EndProject
Project("{FAE04EC0-301F-11D3-BF4B-00C04F79EFBC}") = "HW 9 test", "HW 9 test\HW 9 test.csproj", "{C7BA7B30-2B81-4891-A859-B2CF9DEEA41E}"
EndProject
Project("{FAE04EC0-301F-11D3-BF4B-00C04F79EFBC}") = "Task03_GenericInterfaces", "Task03_GenericInterfaces\Task03_GenericInterfaces.csproj", "{6476326A-9D21-4941-96B5-48EA83E15E32}"
EndProject
Project("{FAE04EC0-301F-11D3-BF4B-00C04F79EFBC}") = "CW 11.02 Stack", "CW 11.02 Stack\CW 11.02 Stack.csproj", "{DD38A21E-8555-4271-B952-B00B33616B85}"
EndProject
Project("{FAE04EC0-301F-11D3-BF4B-00C04F79EFBC}") = "HW 11.02", "HW 11.02\HW 11.02.csproj", "{0F63A6B5-EB9E-4A36-BAE2-2401B1BF3212}"
EndProject
Project("{FAE04EC0-301F-11D3-BF4B-00C04F79EFBC}") = "CW 17.02", "CW 17.02\CW 17.02.csproj", "{1D9C568B-4EA4-4780-AE99-1F5F9787D697}"
EndProject
Project("{FAE04EC0-301F-11D3-BF4B-00C04F79EFBC}") = "HW 17.02", "HW 17.02\HW 17.02.csproj", "{8C09EECC-5EA7-4641-B225-80B582D14A14}"
EndProject
Project("{FAE04EC0-301F-11D3-BF4B-00C04F79EFBC}") = "CW 18.02", "CW 18.02\CW 18.02.csproj", "{EF3C6316-C973-46F2-919B-B26E9B856B14}"
EndProject
Project("{FAE04EC0-301F-11D3-BF4B-00C04F79EFBC}") = "HW 18.02", "HW 18.02\HW 18.02.csproj", "{88B458C8-9EBF-40BF-8696-C2C779EB9184}"
EndProject
Project("{FAE04EC0-301F-11D3-BF4B-00C04F79EFBC}") = "CW 24.02", "CW 24.02\CW 24.02.csproj", "{44A74BA8-55B0-46B7-8E53-3B2541085C4E}"
EndProject
Project("{FAE04EC0-301F-11D3-BF4B-00C04F79EFBC}") = "HW 14", "HW 14\HW 14.csproj", "{B2D39A79-C704-45AE-9F50-99708A4481AE}"
EndProject
Project("{FAE04EC0-301F-11D3-BF4B-00C04F79EFBC}") = "HW 15 Pt 2", "HW 15 Pt 2\HW 15 Pt 2.csproj", "{F01167FD-F8E9-43CF-A2FE-5B48D335F816}"
EndProject
Global
	GlobalSection(SolutionConfigurationPlatforms) = preSolution
		Debug|Any CPU = Debug|Any CPU
		Release|Any CPU = Release|Any CPU
	EndGlobalSection
	GlobalSection(ProjectConfigurationPlatforms) = postSolution
		{A39BA952-2B87-4A10-9139-F1AFFE74ED2B}.Debug|Any CPU.ActiveCfg = Debug|Any CPU
		{A39BA952-2B87-4A10-9139-F1AFFE74ED2B}.Debug|Any CPU.Build.0 = Debug|Any CPU
		{A39BA952-2B87-4A10-9139-F1AFFE74ED2B}.Release|Any CPU.ActiveCfg = Release|Any CPU
		{A39BA952-2B87-4A10-9139-F1AFFE74ED2B}.Release|Any CPU.Build.0 = Release|Any CPU
		{162FDCC8-38BF-4EA9-9581-A9738727C238}.Debug|Any CPU.ActiveCfg = Debug|Any CPU
		{162FDCC8-38BF-4EA9-9581-A9738727C238}.Debug|Any CPU.Build.0 = Debug|Any CPU
		{162FDCC8-38BF-4EA9-9581-A9738727C238}.Release|Any CPU.ActiveCfg = Release|Any CPU
		{162FDCC8-38BF-4EA9-9581-A9738727C238}.Release|Any CPU.Build.0 = Release|Any CPU
		{C8A6340E-E50E-407A-9ED9-C792A81D46A3}.Debug|Any CPU.ActiveCfg = Debug|Any CPU
		{C8A6340E-E50E-407A-9ED9-C792A81D46A3}.Debug|Any CPU.Build.0 = Debug|Any CPU
		{C8A6340E-E50E-407A-9ED9-C792A81D46A3}.Release|Any CPU.ActiveCfg = Release|Any CPU
		{C8A6340E-E50E-407A-9ED9-C792A81D46A3}.Release|Any CPU.Build.0 = Release|Any CPU
		{ED572276-C86E-488A-BEF9-6F21D43E0DDA}.Debug|Any CPU.ActiveCfg = Debug|Any CPU
		{ED572276-C86E-488A-BEF9-6F21D43E0DDA}.Debug|Any CPU.Build.0 = Debug|Any CPU
		{ED572276-C86E-488A-BEF9-6F21D43E0DDA}.Release|Any CPU.ActiveCfg = Release|Any CPU
		{ED572276-C86E-488A-BEF9-6F21D43E0DDA}.Release|Any CPU.Build.0 = Release|Any CPU
		{A10A35A0-6C25-4020-B6AD-7C3D3AC0E07A}.Debug|Any CPU.ActiveCfg = Debug|Any CPU
		{A10A35A0-6C25-4020-B6AD-7C3D3AC0E07A}.Debug|Any CPU.Build.0 = Debug|Any CPU
		{A10A35A0-6C25-4020-B6AD-7C3D3AC0E07A}.Release|Any CPU.ActiveCfg = Release|Any CPU
		{A10A35A0-6C25-4020-B6AD-7C3D3AC0E07A}.Release|Any CPU.Build.0 = Release|Any CPU
		{619AA4CC-87E2-4BBC-BA38-6F9964E13352}.Debug|Any CPU.ActiveCfg = Debug|Any CPU
		{619AA4CC-87E2-4BBC-BA38-6F9964E13352}.Debug|Any CPU.Build.0 = Debug|Any CPU
		{619AA4CC-87E2-4BBC-BA38-6F9964E13352}.Release|Any CPU.ActiveCfg = Release|Any CPU
		{619AA4CC-87E2-4BBC-BA38-6F9964E13352}.Release|Any CPU.Build.0 = Release|Any CPU
		{4F55CCE5-CCB7-43C9-9CB7-330B1B5D9ADB}.Debug|Any CPU.ActiveCfg = Debug|Any CPU
		{4F55CCE5-CCB7-43C9-9CB7-330B1B5D9ADB}.Debug|Any CPU.Build.0 = Debug|Any CPU
		{4F55CCE5-CCB7-43C9-9CB7-330B1B5D9ADB}.Release|Any CPU.ActiveCfg = Release|Any CPU
		{4F55CCE5-CCB7-43C9-9CB7-330B1B5D9ADB}.Release|Any CPU.Build.0 = Release|Any CPU
		{4CF00F35-B271-4F4F-A06E-6F145BE5F107}.Debug|Any CPU.ActiveCfg = Debug|Any CPU
		{4CF00F35-B271-4F4F-A06E-6F145BE5F107}.Debug|Any CPU.Build.0 = Debug|Any CPU
		{4CF00F35-B271-4F4F-A06E-6F145BE5F107}.Release|Any CPU.ActiveCfg = Release|Any CPU
		{4CF00F35-B271-4F4F-A06E-6F145BE5F107}.Release|Any CPU.Build.0 = Release|Any CPU
		{C679E936-20E7-40BE-A8B7-2788FFA82444}.Debug|Any CPU.ActiveCfg = Debug|Any CPU
		{C679E936-20E7-40BE-A8B7-2788FFA82444}.Debug|Any CPU.Build.0 = Debug|Any CPU
		{C679E936-20E7-40BE-A8B7-2788FFA82444}.Release|Any CPU.ActiveCfg = Release|Any CPU
		{C679E936-20E7-40BE-A8B7-2788FFA82444}.Release|Any CPU.Build.0 = Release|Any CPU
		{9620382A-15A4-4B70-8DF7-981ADFF66037}.Debug|Any CPU.ActiveCfg = Debug|Any CPU
		{9620382A-15A4-4B70-8DF7-981ADFF66037}.Debug|Any CPU.Build.0 = Debug|Any CPU
		{9620382A-15A4-4B70-8DF7-981ADFF66037}.Release|Any CPU.ActiveCfg = Release|Any CPU
		{9620382A-15A4-4B70-8DF7-981ADFF66037}.Release|Any CPU.Build.0 = Release|Any CPU
		{DAC984AA-7961-4A08-B0F5-9BE3335BBF73}.Debug|Any CPU.ActiveCfg = Debug|Any CPU
		{DAC984AA-7961-4A08-B0F5-9BE3335BBF73}.Debug|Any CPU.Build.0 = Debug|Any CPU
		{DAC984AA-7961-4A08-B0F5-9BE3335BBF73}.Release|Any CPU.ActiveCfg = Release|Any CPU
		{DAC984AA-7961-4A08-B0F5-9BE3335BBF73}.Release|Any CPU.Build.0 = Release|Any CPU
		{BA94416B-E899-4678-A835-88C5EE0580AD}.Debug|Any CPU.ActiveCfg = Debug|Any CPU
		{BA94416B-E899-4678-A835-88C5EE0580AD}.Debug|Any CPU.Build.0 = Debug|Any CPU
		{BA94416B-E899-4678-A835-88C5EE0580AD}.Release|Any CPU.ActiveCfg = Release|Any CPU
		{BA94416B-E899-4678-A835-88C5EE0580AD}.Release|Any CPU.Build.0 = Release|Any CPU
		{6F3AB11D-3F94-4306-86F1-7845B39A8111}.Debug|Any CPU.ActiveCfg = Debug|Any CPU
		{6F3AB11D-3F94-4306-86F1-7845B39A8111}.Debug|Any CPU.Build.0 = Debug|Any CPU
		{6F3AB11D-3F94-4306-86F1-7845B39A8111}.Release|Any CPU.ActiveCfg = Release|Any CPU
		{6F3AB11D-3F94-4306-86F1-7845B39A8111}.Release|Any CPU.Build.0 = Release|Any CPU
		{C7BA7B30-2B81-4891-A859-B2CF9DEEA41E}.Debug|Any CPU.ActiveCfg = Debug|Any CPU
		{C7BA7B30-2B81-4891-A859-B2CF9DEEA41E}.Debug|Any CPU.Build.0 = Debug|Any CPU
		{C7BA7B30-2B81-4891-A859-B2CF9DEEA41E}.Release|Any CPU.ActiveCfg = Release|Any CPU
		{C7BA7B30-2B81-4891-A859-B2CF9DEEA41E}.Release|Any CPU.Build.0 = Release|Any CPU
		{6476326A-9D21-4941-96B5-48EA83E15E32}.Debug|Any CPU.ActiveCfg = Debug|Any CPU
		{6476326A-9D21-4941-96B5-48EA83E15E32}.Debug|Any CPU.Build.0 = Debug|Any CPU
		{6476326A-9D21-4941-96B5-48EA83E15E32}.Release|Any CPU.ActiveCfg = Release|Any CPU
		{6476326A-9D21-4941-96B5-48EA83E15E32}.Release|Any CPU.Build.0 = Release|Any CPU
		{DD38A21E-8555-4271-B952-B00B33616B85}.Debug|Any CPU.ActiveCfg = Debug|Any CPU
		{DD38A21E-8555-4271-B952-B00B33616B85}.Debug|Any CPU.Build.0 = Debug|Any CPU
		{DD38A21E-8555-4271-B952-B00B33616B85}.Release|Any CPU.ActiveCfg = Release|Any CPU
		{DD38A21E-8555-4271-B952-B00B33616B85}.Release|Any CPU.Build.0 = Release|Any CPU
		{0F63A6B5-EB9E-4A36-BAE2-2401B1BF3212}.Debug|Any CPU.ActiveCfg = Debug|Any CPU
		{0F63A6B5-EB9E-4A36-BAE2-2401B1BF3212}.Debug|Any CPU.Build.0 = Debug|Any CPU
		{0F63A6B5-EB9E-4A36-BAE2-2401B1BF3212}.Release|Any CPU.ActiveCfg = Release|Any CPU
		{0F63A6B5-EB9E-4A36-BAE2-2401B1BF3212}.Release|Any CPU.Build.0 = Release|Any CPU
		{1D9C568B-4EA4-4780-AE99-1F5F9787D697}.Debug|Any CPU.ActiveCfg = Debug|Any CPU
		{1D9C568B-4EA4-4780-AE99-1F5F9787D697}.Debug|Any CPU.Build.0 = Debug|Any CPU
		{1D9C568B-4EA4-4780-AE99-1F5F9787D697}.Release|Any CPU.ActiveCfg = Release|Any CPU
		{1D9C568B-4EA4-4780-AE99-1F5F9787D697}.Release|Any CPU.Build.0 = Release|Any CPU
		{8C09EECC-5EA7-4641-B225-80B582D14A14}.Debug|Any CPU.ActiveCfg = Debug|Any CPU
		{8C09EECC-5EA7-4641-B225-80B582D14A14}.Debug|Any CPU.Build.0 = Debug|Any CPU
		{8C09EECC-5EA7-4641-B225-80B582D14A14}.Release|Any CPU.ActiveCfg = Release|Any CPU
		{8C09EECC-5EA7-4641-B225-80B582D14A14}.Release|Any CPU.Build.0 = Release|Any CPU
		{EF3C6316-C973-46F2-919B-B26E9B856B14}.Debug|Any CPU.ActiveCfg = Debug|Any CPU
		{EF3C6316-C973-46F2-919B-B26E9B856B14}.Debug|Any CPU.Build.0 = Debug|Any CPU
		{EF3C6316-C973-46F2-919B-B26E9B856B14}.Release|Any CPU.ActiveCfg = Release|Any CPU
		{EF3C6316-C973-46F2-919B-B26E9B856B14}.Release|Any CPU.Build.0 = Release|Any CPU
		{88B458C8-9EBF-40BF-8696-C2C779EB9184}.Debug|Any CPU.ActiveCfg = Debug|Any CPU
		{88B458C8-9EBF-40BF-8696-C2C779EB9184}.Debug|Any CPU.Build.0 = Debug|Any CPU
		{88B458C8-9EBF-40BF-8696-C2C779EB9184}.Release|Any CPU.ActiveCfg = Release|Any CPU
		{88B458C8-9EBF-40BF-8696-C2C779EB9184}.Release|Any CPU.Build.0 = Release|Any CPU
		{44A74BA8-55B0-46B7-8E53-3B2541085C4E}.Debug|Any CPU.ActiveCfg = Debug|Any CPU
		{44A74BA8-55B0-46B7-8E53-3B2541085C4E}.Debug|Any CPU.Build.0 = Debug|Any CPU
		{44A74BA8-55B0-46B7-8E53-3B2541085C4E}.Release|Any CPU.ActiveCfg = Release|Any CPU
		{44A74BA8-55B0-46B7-8E53-3B2541085C4E}.Release|Any CPU.Build.0 = Release|Any CPU
		{B2D39A79-C704-45AE-9F50-99708A4481AE}.Debug|Any CPU.ActiveCfg = Debug|Any CPU
		{B2D39A79-C704-45AE-9F50-99708A4481AE}.Debug|Any CPU.Build.0 = Debug|Any CPU
		{B2D39A79-C704-45AE-9F50-99708A4481AE}.Release|Any CPU.ActiveCfg = Release|Any CPU
		{B2D39A79-C704-45AE-9F50-99708A4481AE}.Release|Any CPU.Build.0 = Release|Any CPU
		{F01167FD-F8E9-43CF-A2FE-5B48D335F816}.Debug|Any CPU.ActiveCfg = Debug|Any CPU
		{F01167FD-F8E9-43CF-A2FE-5B48D335F816}.Debug|Any CPU.Build.0 = Debug|Any CPU
		{F01167FD-F8E9-43CF-A2FE-5B48D335F816}.Release|Any CPU.ActiveCfg = Release|Any CPU
		{F01167FD-F8E9-43CF-A2FE-5B48D335F816}.Release|Any CPU.Build.0 = Release|Any CPU
	EndGlobalSection
EndGlobal
