
Microsoft Visual Studio Solution File, Format Version 12.00
# Visual Studio Version 17
VisualStudioVersion = 17.1.31911.260
MinimumVisualStudioVersion = 10.0.40219.1
Project("{FAE04EC0-301F-11D3-BF4B-00C04F79EFBC}") = "Seminar12.11", "Seminar12.11.csproj", "{72FB456E-C773-42EF-92E4-12127BB93C72}"
EndProject
Global
	GlobalSection(SolutionConfigurationPlatforms) = preSolution
		Debug|Any CPU = Debug|Any CPU
		Release|Any CPU = Release|Any CPU
	EndGlobalSection
	GlobalSection(ProjectConfigurationPlatforms) = postSolution
		{72FB456E-C773-42EF-92E4-12127BB93C72}.Debug|Any CPU.ActiveCfg = Debug|Any CPU
		{72FB456E-C773-42EF-92E4-12127BB93C72}.Debug|Any CPU.Build.0 = Debug|Any CPU
		{72FB456E-C773-42EF-92E4-12127BB93C72}.Release|Any CPU.ActiveCfg = Release|Any CPU
		{72FB456E-C773-42EF-92E4-12127BB93C72}.Release|Any CPU.Build.0 = Release|Any CPU
	EndGlobalSection
	GlobalSection(SolutionProperties) = preSolution
		HideSolutionNode = FALSE
	EndGlobalSection
	GlobalSection(ExtensibilityGlobals) = postSolution
		SolutionGuid = {6299BE03-2433-4818-BC78-30BDA3724D74}
	EndGlobalSection
EndGlobal
