
Microsoft Visual Studio Solution File, Format Version 12.00
Project("{FAE04EC0-301F-11D3-BF4B-00C04F79EFBC}") = "Task01", "Task01\Task01.csproj", "{CE34CAC6-5E7A-42C0-B3CB-FAE880D84650}"
EndProject
Project("{FAE04EC0-301F-11D3-BF4B-00C04F79EFBC}") = "Task02", "Task02\Task02.csproj", "{86A58AEE-79E8-44C4-9E68-C31605C11C0E}"
EndProject
Project("{FAE04EC0-301F-11D3-BF4B-00C04F79EFBC}") = "Task03", "Task03\Task03.csproj", "{2392AE78-B6ED-45A8-9C4C-434B5B4015BF}"
EndProject
Project("{FAE04EC0-301F-11D3-BF4B-00C04F79EFBC}") = "Task04", "Task04\Task04.csproj", "{DC77FF69-2A48-4FCF-A8EA-880A311B2ADA}"
EndProject
Project("{FAE04EC0-301F-11D3-BF4B-00C04F79EFBC}") = "Task05", "Task05\Task05.csproj", "{EA09FAA2-B814-4748-A57F-43245E7AEF1E}"
EndProject
Project("{FAE04EC0-301F-11D3-BF4B-00C04F79EFBC}") = "Task06", "Task06\Task06.csproj", "{6C23DA90-15E3-4E0C-B3EC-892E54E31B0F}"
EndProject
Project("{FAE04EC0-301F-11D3-BF4B-00C04F79EFBC}") = "Task07", "Task07\Task07.csproj", "{DD9AA357-BB4F-4B2C-B25A-62957CBC18AF}"
EndProject
Global
	GlobalSection(SolutionConfigurationPlatforms) = preSolution
		Debug|Any CPU = Debug|Any CPU
		Release|Any CPU = Release|Any CPU
	EndGlobalSection
	GlobalSection(ProjectConfigurationPlatforms) = postSolution
		{CE34CAC6-5E7A-42C0-B3CB-FAE880D84650}.Debug|Any CPU.ActiveCfg = Debug|Any CPU
		{CE34CAC6-5E7A-42C0-B3CB-FAE880D84650}.Debug|Any CPU.Build.0 = Debug|Any CPU
		{CE34CAC6-5E7A-42C0-B3CB-FAE880D84650}.Release|Any CPU.ActiveCfg = Release|Any CPU
		{CE34CAC6-5E7A-42C0-B3CB-FAE880D84650}.Release|Any CPU.Build.0 = Release|Any CPU
		{86A58AEE-79E8-44C4-9E68-C31605C11C0E}.Debug|Any CPU.ActiveCfg = Debug|Any CPU
		{86A58AEE-79E8-44C4-9E68-C31605C11C0E}.Debug|Any CPU.Build.0 = Debug|Any CPU
		{86A58AEE-79E8-44C4-9E68-C31605C11C0E}.Release|Any CPU.ActiveCfg = Release|Any CPU
		{86A58AEE-79E8-44C4-9E68-C31605C11C0E}.Release|Any CPU.Build.0 = Release|Any CPU
		{2392AE78-B6ED-45A8-9C4C-434B5B4015BF}.Debug|Any CPU.ActiveCfg = Debug|Any CPU
		{2392AE78-B6ED-45A8-9C4C-434B5B4015BF}.Debug|Any CPU.Build.0 = Debug|Any CPU
		{2392AE78-B6ED-45A8-9C4C-434B5B4015BF}.Release|Any CPU.ActiveCfg = Release|Any CPU
		{2392AE78-B6ED-45A8-9C4C-434B5B4015BF}.Release|Any CPU.Build.0 = Release|Any CPU
		{DC77FF69-2A48-4FCF-A8EA-880A311B2ADA}.Debug|Any CPU.ActiveCfg = Debug|Any CPU
		{DC77FF69-2A48-4FCF-A8EA-880A311B2ADA}.Debug|Any CPU.Build.0 = Debug|Any CPU
		{DC77FF69-2A48-4FCF-A8EA-880A311B2ADA}.Release|Any CPU.ActiveCfg = Release|Any CPU
		{DC77FF69-2A48-4FCF-A8EA-880A311B2ADA}.Release|Any CPU.Build.0 = Release|Any CPU
		{EA09FAA2-B814-4748-A57F-43245E7AEF1E}.Debug|Any CPU.ActiveCfg = Debug|Any CPU
		{EA09FAA2-B814-4748-A57F-43245E7AEF1E}.Debug|Any CPU.Build.0 = Debug|Any CPU
		{EA09FAA2-B814-4748-A57F-43245E7AEF1E}.Release|Any CPU.ActiveCfg = Release|Any CPU
		{EA09FAA2-B814-4748-A57F-43245E7AEF1E}.Release|Any CPU.Build.0 = Release|Any CPU
		{6C23DA90-15E3-4E0C-B3EC-892E54E31B0F}.Debug|Any CPU.ActiveCfg = Debug|Any CPU
		{6C23DA90-15E3-4E0C-B3EC-892E54E31B0F}.Debug|Any CPU.Build.0 = Debug|Any CPU
		{6C23DA90-15E3-4E0C-B3EC-892E54E31B0F}.Release|Any CPU.ActiveCfg = Release|Any CPU
		{6C23DA90-15E3-4E0C-B3EC-892E54E31B0F}.Release|Any CPU.Build.0 = Release|Any CPU
		{DD9AA357-BB4F-4B2C-B25A-62957CBC18AF}.Debug|Any CPU.ActiveCfg = Debug|Any CPU
		{DD9AA357-BB4F-4B2C-B25A-62957CBC18AF}.Debug|Any CPU.Build.0 = Debug|Any CPU
		{DD9AA357-BB4F-4B2C-B25A-62957CBC18AF}.Release|Any CPU.ActiveCfg = Release|Any CPU
		{DD9AA357-BB4F-4B2C-B25A-62957CBC18AF}.Release|Any CPU.Build.0 = Release|Any CPU
	EndGlobalSection
EndGlobal
