
Microsoft Visual Studio Solution File, Format Version 12.00
Project("{FAE04EC0-301F-11D3-BF4B-00C04F79EFBC}") = "Task01", "Task01\Task01.csproj", "{95B22FF9-A126-44B9-B578-2CF23ECD1ADB}"
EndProject
Project("{FAE04EC0-301F-11D3-BF4B-00C04F79EFBC}") = "Task02", "Task02\Task02.csproj", "{F5C1AB61-0E1F-49CE-B947-9A11273A9C94}"
EndProject
Project("{FAE04EC0-301F-11D3-BF4B-00C04F79EFBC}") = "Task03", "Task03\Task03.csproj", "{AFD84861-A17F-4B22-B6FE-6A9DD344A939}"
EndProject
Project("{FAE04EC0-301F-11D3-BF4B-00C04F79EFBC}") = "Task04", "Task04\Task04.csproj", "{62CF0249-54EC-4546-9013-6DC9156CD8BE}"
EndProject
Project("{FAE04EC0-301F-11D3-BF4B-00C04F79EFBC}") = "Task05", "Task05\Task05.csproj", "{664CD3A1-E032-4879-963E-4C988FD9174D}"
EndProject
Project("{FAE04EC0-301F-11D3-BF4B-00C04F79EFBC}") = "Task06", "Task06\Task06.csproj", "{C5BD9650-1E8F-4E91-A687-5A3736D0FD48}"
EndProject
Project("{FAE04EC0-301F-11D3-BF4B-00C04F79EFBC}") = "Task07", "Task07\Task07.csproj", "{2791089C-DF42-4877-8D91-AE0831F1AE6C}"
EndProject
Project("{FAE04EC0-301F-11D3-BF4B-00C04F79EFBC}") = "Task08", "Task08\Task08.csproj", "{0C9A1EB0-EFE3-408B-82B1-314CC281D0A6}"
EndProject
Project("{FAE04EC0-301F-11D3-BF4B-00C04F79EFBC}") = "Task09", "Task09\Task09.csproj", "{B96CFEF6-5D0D-49C1-AEC9-A0D9179E1203}"
EndProject
Project("{FAE04EC0-301F-11D3-BF4B-00C04F79EFBC}") = "Task10", "Task10\Task10.csproj", "{D5806502-8AE9-40D5-B4AB-4870CBA5F7A8}"
EndProject
Project("{FAE04EC0-301F-11D3-BF4B-00C04F79EFBC}") = "Task11", "Task11\Task11.csproj", "{AD54DCC1-AD54-4669-9587-0BB7CED2599F}"
EndProject
Global
	GlobalSection(SolutionConfigurationPlatforms) = preSolution
		Debug|Any CPU = Debug|Any CPU
		Release|Any CPU = Release|Any CPU
	EndGlobalSection
	GlobalSection(ProjectConfigurationPlatforms) = postSolution
		{95B22FF9-A126-44B9-B578-2CF23ECD1ADB}.Debug|Any CPU.ActiveCfg = Debug|Any CPU
		{95B22FF9-A126-44B9-B578-2CF23ECD1ADB}.Debug|Any CPU.Build.0 = Debug|Any CPU
		{95B22FF9-A126-44B9-B578-2CF23ECD1ADB}.Release|Any CPU.ActiveCfg = Release|Any CPU
		{95B22FF9-A126-44B9-B578-2CF23ECD1ADB}.Release|Any CPU.Build.0 = Release|Any CPU
		{F5C1AB61-0E1F-49CE-B947-9A11273A9C94}.Debug|Any CPU.ActiveCfg = Debug|Any CPU
		{F5C1AB61-0E1F-49CE-B947-9A11273A9C94}.Debug|Any CPU.Build.0 = Debug|Any CPU
		{F5C1AB61-0E1F-49CE-B947-9A11273A9C94}.Release|Any CPU.ActiveCfg = Release|Any CPU
		{F5C1AB61-0E1F-49CE-B947-9A11273A9C94}.Release|Any CPU.Build.0 = Release|Any CPU
		{AFD84861-A17F-4B22-B6FE-6A9DD344A939}.Debug|Any CPU.ActiveCfg = Debug|Any CPU
		{AFD84861-A17F-4B22-B6FE-6A9DD344A939}.Debug|Any CPU.Build.0 = Debug|Any CPU
		{AFD84861-A17F-4B22-B6FE-6A9DD344A939}.Release|Any CPU.ActiveCfg = Release|Any CPU
		{AFD84861-A17F-4B22-B6FE-6A9DD344A939}.Release|Any CPU.Build.0 = Release|Any CPU
		{62CF0249-54EC-4546-9013-6DC9156CD8BE}.Debug|Any CPU.ActiveCfg = Debug|Any CPU
		{62CF0249-54EC-4546-9013-6DC9156CD8BE}.Debug|Any CPU.Build.0 = Debug|Any CPU
		{62CF0249-54EC-4546-9013-6DC9156CD8BE}.Release|Any CPU.ActiveCfg = Release|Any CPU
		{62CF0249-54EC-4546-9013-6DC9156CD8BE}.Release|Any CPU.Build.0 = Release|Any CPU
		{664CD3A1-E032-4879-963E-4C988FD9174D}.Debug|Any CPU.ActiveCfg = Debug|Any CPU
		{664CD3A1-E032-4879-963E-4C988FD9174D}.Debug|Any CPU.Build.0 = Debug|Any CPU
		{664CD3A1-E032-4879-963E-4C988FD9174D}.Release|Any CPU.ActiveCfg = Release|Any CPU
		{664CD3A1-E032-4879-963E-4C988FD9174D}.Release|Any CPU.Build.0 = Release|Any CPU
		{C5BD9650-1E8F-4E91-A687-5A3736D0FD48}.Debug|Any CPU.ActiveCfg = Debug|Any CPU
		{C5BD9650-1E8F-4E91-A687-5A3736D0FD48}.Debug|Any CPU.Build.0 = Debug|Any CPU
		{C5BD9650-1E8F-4E91-A687-5A3736D0FD48}.Release|Any CPU.ActiveCfg = Release|Any CPU
		{C5BD9650-1E8F-4E91-A687-5A3736D0FD48}.Release|Any CPU.Build.0 = Release|Any CPU
		{2791089C-DF42-4877-8D91-AE0831F1AE6C}.Debug|Any CPU.ActiveCfg = Debug|Any CPU
		{2791089C-DF42-4877-8D91-AE0831F1AE6C}.Debug|Any CPU.Build.0 = Debug|Any CPU
		{2791089C-DF42-4877-8D91-AE0831F1AE6C}.Release|Any CPU.ActiveCfg = Release|Any CPU
		{2791089C-DF42-4877-8D91-AE0831F1AE6C}.Release|Any CPU.Build.0 = Release|Any CPU
		{0C9A1EB0-EFE3-408B-82B1-314CC281D0A6}.Debug|Any CPU.ActiveCfg = Debug|Any CPU
		{0C9A1EB0-EFE3-408B-82B1-314CC281D0A6}.Debug|Any CPU.Build.0 = Debug|Any CPU
		{0C9A1EB0-EFE3-408B-82B1-314CC281D0A6}.Release|Any CPU.ActiveCfg = Release|Any CPU
		{0C9A1EB0-EFE3-408B-82B1-314CC281D0A6}.Release|Any CPU.Build.0 = Release|Any CPU
		{B96CFEF6-5D0D-49C1-AEC9-A0D9179E1203}.Debug|Any CPU.ActiveCfg = Debug|Any CPU
		{B96CFEF6-5D0D-49C1-AEC9-A0D9179E1203}.Debug|Any CPU.Build.0 = Debug|Any CPU
		{B96CFEF6-5D0D-49C1-AEC9-A0D9179E1203}.Release|Any CPU.ActiveCfg = Release|Any CPU
		{B96CFEF6-5D0D-49C1-AEC9-A0D9179E1203}.Release|Any CPU.Build.0 = Release|Any CPU
		{D5806502-8AE9-40D5-B4AB-4870CBA5F7A8}.Debug|Any CPU.ActiveCfg = Debug|Any CPU
		{D5806502-8AE9-40D5-B4AB-4870CBA5F7A8}.Debug|Any CPU.Build.0 = Debug|Any CPU
		{D5806502-8AE9-40D5-B4AB-4870CBA5F7A8}.Release|Any CPU.ActiveCfg = Release|Any CPU
		{D5806502-8AE9-40D5-B4AB-4870CBA5F7A8}.Release|Any CPU.Build.0 = Release|Any CPU
		{AD54DCC1-AD54-4669-9587-0BB7CED2599F}.Debug|Any CPU.ActiveCfg = Debug|Any CPU
		{AD54DCC1-AD54-4669-9587-0BB7CED2599F}.Debug|Any CPU.Build.0 = Debug|Any CPU
		{AD54DCC1-AD54-4669-9587-0BB7CED2599F}.Release|Any CPU.ActiveCfg = Release|Any CPU
		{AD54DCC1-AD54-4669-9587-0BB7CED2599F}.Release|Any CPU.Build.0 = Release|Any CPU
	EndGlobalSection
	GlobalSection(NestedProjects) = preSolution
	EndGlobalSection
EndGlobal
